
Microsoft Visual Studio Solution File, Format Version 12.00
# Visual Studio Version 16
VisualStudioVersion = 16.0.30907.101
MinimumVisualStudioVersion = 10.0.40219.1
Project("{FAE04EC0-301F-11D3-BF4B-00C04F79EFBC}") = "SalesByMatch", "SalesByMatch\SalesByMatch.csproj", "{66155FCF-B55E-4CE3-BE67-227B9893C723}"
EndProject
Project("{FAE04EC0-301F-11D3-BF4B-00C04F79EFBC}") = "CountingValleys", "CountingValleys\CountingValleys.csproj", "{2B2A5DD9-351F-484B-990B-1326A747104D}"
EndProject
Project("{FAE04EC0-301F-11D3-BF4B-00C04F79EFBC}") = "JumpingOnTheClouds", "JumpingOnTheClouds\JumpingOnTheClouds.csproj", "{57EE6774-608D-42C4-B9F6-933B22612F2C}"
EndProject
Project("{FAE04EC0-301F-11D3-BF4B-00C04F79EFBC}") = "RepeatedString", "RepeatedString\RepeatedString.csproj", "{5C43864F-884B-4E5D-9854-E68C5FCC434C}"
EndProject
Global
	GlobalSection(SolutionConfigurationPlatforms) = preSolution
		Debug|Any CPU = Debug|Any CPU
		Release|Any CPU = Release|Any CPU
	EndGlobalSection
	GlobalSection(ProjectConfigurationPlatforms) = postSolution
		{66155FCF-B55E-4CE3-BE67-227B9893C723}.Debug|Any CPU.ActiveCfg = Debug|Any CPU
		{66155FCF-B55E-4CE3-BE67-227B9893C723}.Debug|Any CPU.Build.0 = Debug|Any CPU
		{66155FCF-B55E-4CE3-BE67-227B9893C723}.Release|Any CPU.ActiveCfg = Release|Any CPU
		{66155FCF-B55E-4CE3-BE67-227B9893C723}.Release|Any CPU.Build.0 = Release|Any CPU
		{2B2A5DD9-351F-484B-990B-1326A747104D}.Debug|Any CPU.ActiveCfg = Debug|Any CPU
		{2B2A5DD9-351F-484B-990B-1326A747104D}.Debug|Any CPU.Build.0 = Debug|Any CPU
		{2B2A5DD9-351F-484B-990B-1326A747104D}.Release|Any CPU.ActiveCfg = Release|Any CPU
		{2B2A5DD9-351F-484B-990B-1326A747104D}.Release|Any CPU.Build.0 = Release|Any CPU
		{57EE6774-608D-42C4-B9F6-933B22612F2C}.Debug|Any CPU.ActiveCfg = Debug|Any CPU
		{57EE6774-608D-42C4-B9F6-933B22612F2C}.Debug|Any CPU.Build.0 = Debug|Any CPU
		{57EE6774-608D-42C4-B9F6-933B22612F2C}.Release|Any CPU.ActiveCfg = Release|Any CPU
		{57EE6774-608D-42C4-B9F6-933B22612F2C}.Release|Any CPU.Build.0 = Release|Any CPU
		{5C43864F-884B-4E5D-9854-E68C5FCC434C}.Debug|Any CPU.ActiveCfg = Debug|Any CPU
		{5C43864F-884B-4E5D-9854-E68C5FCC434C}.Debug|Any CPU.Build.0 = Debug|Any CPU
		{5C43864F-884B-4E5D-9854-E68C5FCC434C}.Release|Any CPU.ActiveCfg = Release|Any CPU
		{5C43864F-884B-4E5D-9854-E68C5FCC434C}.Release|Any CPU.Build.0 = Release|Any CPU
	EndGlobalSection
	GlobalSection(SolutionProperties) = preSolution
		HideSolutionNode = FALSE
	EndGlobalSection
	GlobalSection(ExtensibilityGlobals) = postSolution
		SolutionGuid = {5234527F-13B0-4C03-9767-76C29CB984FE}
	EndGlobalSection
EndGlobal
